// !$*UTF8*$!
{
	archiveVersion = 1;
	classes = {
	};
	objectVersion = 56;
	objects = {

/* Begin PBXBuildFile section */
		D17751E72CC0E9FC00091917 /* SettingView.swift in Sources */ = {isa = PBXBuildFile; fileRef = D17751E62CC0E9FC00091917 /* SettingView.swift */; };
		D17751E92CC0EA6900091917 /* Image.swift in Sources */ = {isa = PBXBuildFile; fileRef = D17751E82CC0EA6900091917 /* Image.swift */; };
		D1835E592CC09E790024B550 /* PianoCoverBookApp.swift in Sources */ = {isa = PBXBuildFile; fileRef = D1835E582CC09E790024B550 /* PianoCoverBookApp.swift */; };
		D1835E5B2CC09E790024B550 /* ContentView.swift in Sources */ = {isa = PBXBuildFile; fileRef = D1835E5A2CC09E790024B550 /* ContentView.swift */; };
		D1835E5D2CC09E7A0024B550 /* Assets.xcassets in Resources */ = {isa = PBXBuildFile; fileRef = D1835E5C2CC09E7A0024B550 /* Assets.xcassets */; };
		D1835E602CC09E7A0024B550 /* Preview Assets.xcassets in Resources */ = {isa = PBXBuildFile; fileRef = D1835E5F2CC09E7A0024B550 /* Preview Assets.xcassets */; };
		D1835E672CC09F1D0024B550 /* PianoCoverPercentge.swift in Sources */ = {isa = PBXBuildFile; fileRef = D1835E662CC09F1D0024B550 /* PianoCoverPercentge.swift */; };
/* End PBXBuildFile section */

/* Begin PBXFileReference section */
		D17751E62CC0E9FC00091917 /* SettingView.swift */ = {isa = PBXFileReference; lastKnownFileType = sourcecode.swift; path = SettingView.swift; sourceTree = "<group>"; };
		D17751E82CC0EA6900091917 /* Image.swift */ = {isa = PBXFileReference; lastKnownFileType = sourcecode.swift; path = Image.swift; sourceTree = "<group>"; };
		D1835E552CC09E790024B550 /* PianoCoverBook.app */ = {isa = PBXFileReference; explicitFileType = wrapper.application; includeInIndex = 0; path = PianoCoverBook.app; sourceTree = BUILT_PRODUCTS_DIR; };
		D1835E582CC09E790024B550 /* PianoCoverBookApp.swift */ = {isa = PBXFileReference; lastKnownFileType = sourcecode.swift; path = PianoCoverBookApp.swift; sourceTree = "<group>"; };
		D1835E5A2CC09E790024B550 /* ContentView.swift */ = {isa = PBXFileReference; lastKnownFileType = sourcecode.swift; path = ContentView.swift; sourceTree = "<group>"; };
		D1835E5C2CC09E7A0024B550 /* Assets.xcassets */ = {isa = PBXFileReference; lastKnownFileType = folder.assetcatalog; path = Assets.xcassets; sourceTree = "<group>"; };
		D1835E5F2CC09E7A0024B550 /* Preview Assets.xcassets */ = {isa = PBXFileReference; lastKnownFileType = folder.assetcatalog; path = "Preview Assets.xcassets"; sourceTree = "<group>"; };
		D1835E662CC09F1D0024B550 /* PianoCoverPercentge.swift */ = {isa = PBXFileReference; lastKnownFileType = sourcecode.swift; path = PianoCoverPercentge.swift; sourceTree = "<group>"; };
/* End PBXFileReference section */

/* Begin PBXFrameworksBuildPhase section */
		D1835E522CC09E790024B550 /* Frameworks */ = {
			isa = PBXFrameworksBuildPhase;
			buildActionMask = 2147483647;
			files = (
			);
			runOnlyForDeploymentPostprocessing = 0;
		};
/* End PBXFrameworksBuildPhase section */

/* Begin PBXGroup section */
		D1835E4C2CC09E790024B550 = {
			isa = PBXGroup;
			children = (
				D1835E572CC09E790024B550 /* PianoCoverBook */,
				D1835E562CC09E790024B550 /* Products */,
			);
			sourceTree = "<group>";
		};
		D1835E562CC09E790024B550 /* Products */ = {
			isa = PBXGroup;
			children = (
				D1835E552CC09E790024B550 /* PianoCoverBook.app */,
			);
			name = Products;
			sourceTree = "<group>";
		};
		D1835E572CC09E790024B550 /* PianoCoverBook */ = {
			isa = PBXGroup;
			children = (
				D1835E582CC09E790024B550 /* PianoCoverBookApp.swift */,
				D1835E5A2CC09E790024B550 /* ContentView.swift */,
				D1835E662CC09F1D0024B550 /* PianoCoverPercentge.swift */,
				D17751E62CC0E9FC00091917 /* SettingView.swift */,
				D17751E82CC0EA6900091917 /* Image.swift */,
				D1835E5C2CC09E7A0024B550 /* Assets.xcassets */,
				D1835E5E2CC09E7A0024B550 /* Preview Content */,
			);
			path = PianoCoverBook;
			sourceTree = "<group>";
		};
		D1835E5E2CC09E7A0024B550 /* Preview Content */ = {
			isa = PBXGroup;
			children = (
				D1835E5F2CC09E7A0024B550 /* Preview Assets.xcassets */,
			);
			path = "Preview Content";
			sourceTree = "<group>";
		};
/* End PBXGroup section */

/* Begin PBXNativeTarget section */
		D1835E542CC09E790024B550 /* PianoCoverBook */ = {
			isa = PBXNativeTarget;
			buildConfigurationList = D1835E632CC09E7A0024B550 /* Build configuration list for PBXNativeTarget "PianoCoverBook" */;
			buildPhases = (
				D1835E512CC09E790024B550 /* Sources */,
				D1835E522CC09E790024B550 /* Frameworks */,
				D1835E532CC09E790024B550 /* Resources */,
			);
			buildRules = (
			);
			dependencies = (
			);
			name = PianoCoverBook;
			productName = PianoCoverBook;
			productReference = D1835E552CC09E790024B550 /* PianoCoverBook.app */;
			productType = "com.apple.product-type.application";
		};
/* End PBXNativeTarget section */

/* Begin PBXProject section */
		D1835E4D2CC09E790024B550 /* Project object */ = {
			isa = PBXProject;
			attributes = {
				BuildIndependentTargetsInParallel = 1;
				LastSwiftUpdateCheck = 1520;
				LastUpgradeCheck = 1520;
				TargetAttributes = {
					D1835E542CC09E790024B550 = {
						CreatedOnToolsVersion = 15.2;
					};
				};
			};
			buildConfigurationList = D1835E502CC09E790024B550 /* Build configuration list for PBXProject "PianoCoverBook" */;
			compatibilityVersion = "Xcode 14.0";
			developmentRegion = en;
			hasScannedForEncodings = 0;
			knownRegions = (
				en,
				Base,
			);
			mainGroup = D1835E4C2CC09E790024B550;
			productRefGroup = D1835E562CC09E790024B550 /* Products */;
			projectDirPath = "";
			projectRoot = "";
			targets = (
				D1835E542CC09E790024B550 /* PianoCoverBook */,
			);
		};
/* End PBXProject section */

/* Begin PBXResourcesBuildPhase section */
		D1835E532CC09E790024B550 /* Resources */ = {
			isa = PBXResourcesBuildPhase;
			buildActionMask = 2147483647;
			files = (
				D1835E602CC09E7A0024B550 /* Preview Assets.xcassets in Resources */,
				D1835E5D2CC09E7A0024B550 /* Assets.xcassets in Resources */,
			);
			runOnlyForDeploymentPostprocessing = 0;
		};
/* End PBXResourcesBuildPhase section */

/* Begin PBXSourcesBuildPhase section */
		D1835E512CC09E790024B550 /* Sources */ = {
			isa = PBXSourcesBuildPhase;
			buildActionMask = 2147483647;
			files = (
				D1835E5B2CC09E790024B550 /* ContentView.swift in Sources */,
				D17751E72CC0E9FC00091917 /* SettingView.swift in Sources */,
				D1835E672CC09F1D0024B550 /* PianoCoverPercentge.swift in Sources */,
				D1835E592CC09E790024B550 /* PianoCoverBookApp.swift in Sources */,
				D17751E92CC0EA6900091917 /* Image.swift in Sources */,
			);
			runOnlyForDeploymentPostprocessing = 0;
		};
/* End PBXSourcesBuildPhase section */

/* Begin XCBuildConfiguration section */
		D1835E612CC09E7A0024B550 /* Debug */ = {
			isa = XCBuildConfiguration;
			buildSettings = {
				ALWAYS_SEARCH_USER_PATHS = NO;
				ASSETCATALOG_COMPILER_GENERATE_SWIFT_ASSET_SYMBOL_EXTENSIONS = YES;
				CLANG_ANALYZER_NONNULL = YES;
				CLANG_ANALYZER_NUMBER_OBJECT_CONVERSION = YES_AGGRESSIVE;
				CLANG_CXX_LANGUAGE_STANDARD = "gnu++20";
				CLANG_ENABLE_MODULES = YES;
				CLANG_ENABLE_OBJC_ARC = YES;
				CLANG_ENABLE_OBJC_WEAK = YES;
				CLANG_WARN_BLOCK_CAPTURE_AUTORELEASING = YES;
				CLANG_WARN_BOOL_CONVERSION = YES;
				CLANG_WARN_COMMA = YES;
				CLANG_WARN_CONSTANT_CONVERSION = YES;
				CLANG_WARN_DEPRECATED_OBJC_IMPLEMENTATIONS = YES;
				CLANG_WARN_DIRECT_OBJC_ISA_USAGE = YES_ERROR;
				CLANG_WARN_DOCUMENTATION_COMMENTS = YES;
				CLANG_WARN_EMPTY_BODY = YES;
				CLANG_WARN_ENUM_CONVERSION = YES;
				CLANG_WARN_INFINITE_RECURSION = YES;
				CLANG_WARN_INT_CONVERSION = YES;
				CLANG_WARN_NON_LITERAL_NULL_CONVERSION = YES;
				CLANG_WARN_OBJC_IMPLICIT_RETAIN_SELF = YES;
				CLANG_WARN_OBJC_LITERAL_CONVERSION = YES;
				CLANG_WARN_OBJC_ROOT_CLASS = YES_ERROR;
				CLANG_WARN_QUOTED_INCLUDE_IN_FRAMEWORK_HEADER = YES;
				CLANG_WARN_RANGE_LOOP_ANALYSIS = YES;
				CLANG_WARN_STRICT_PROTOTYPES = YES;
				CLANG_WARN_SUSPICIOUS_MOVE = YES;
				CLANG_WARN_UNGUARDED_AVAILABILITY = YES_AGGRESSIVE;
				CLANG_WARN_UNREACHABLE_CODE = YES;
				CLANG_WARN__DUPLICATE_METHOD_MATCH = YES;
				COPY_PHASE_STRIP = NO;
				DEBUG_INFORMATION_FORMAT = dwarf;
				ENABLE_STRICT_OBJC_MSGSEND = YES;
				ENABLE_TESTABILITY = YES;
				ENABLE_USER_SCRIPT_SANDBOXING = YES;
				GCC_C_LANGUAGE_STANDARD = gnu17;
				GCC_DYNAMIC_NO_PIC = NO;
				GCC_NO_COMMON_BLOCKS = YES;
				GCC_OPTIMIZATION_LEVEL = 0;
				GCC_PREPROCESSOR_DEFINITIONS = (
					"DEBUG=1",
					"$(inherited)",
				);
				GCC_WARN_64_TO_32_BIT_CONVERSION = YES;
				GCC_WARN_ABOUT_RETURN_TYPE = YES_ERROR;
				GCC_WARN_UNDECLARED_SELECTOR = YES;
				GCC_WARN_UNINITIALIZED_AUTOS = YES_AGGRESSIVE;
				GCC_WARN_UNUSED_FUNCTION = YES;
				GCC_WARN_UNUSED_VARIABLE = YES;
				IPHONEOS_DEPLOYMENT_TARGET = 17.2;
				LOCALIZATION_PREFERS_STRING_CATALOGS = YES;
				MTL_ENABLE_DEBUG_INFO = INCLUDE_SOURCE;
				MTL_FAST_MATH = YES;
				ONLY_ACTIVE_ARCH = YES;
				SDKROOT = iphoneos;
				SWIFT_ACTIVE_COMPILATION_CONDITIONS = "DEBUG $(inherited)";
				SWIFT_OPTIMIZATION_LEVEL = "-Onone";
			};
			name = Debug;
		};
		D1835E622CC09E7A0024B550 /* Release */ = {
			isa = XCBuildConfiguration;
			buildSettings = {
				ALWAYS_SEARCH_USER_PATHS = NO;
				ASSETCATALOG_COMPILER_GENERATE_SWIFT_ASSET_SYMBOL_EXTENSIONS = YES;
				CLANG_ANALYZER_NONNULL = YES;
				CLANG_ANALYZER_NUMBER_OBJECT_CONVERSION = YES_AGGRESSIVE;
				CLANG_CXX_LANGUAGE_STANDARD = "gnu++20";
				CLANG_ENABLE_MODULES = YES;
				CLANG_ENABLE_OBJC_ARC = YES;
				CLANG_ENABLE_OBJC_WEAK = YES;
				CLANG_WARN_BLOCK_CAPTURE_AUTORELEASING = YES;
				CLANG_WARN_BOOL_CONVERSION = YES;
				CLANG_WARN_COMMA = YES;
				CLANG_WARN_CONSTANT_CONVERSION = YES;
				CLANG_WARN_DEPRECATED_OBJC_IMPLEMENTATIONS = YES;
				CLANG_WARN_DIRECT_OBJC_ISA_USAGE = YES_ERROR;
				CLANG_WARN_DOCUMENTATION_COMMENTS = YES;
				CLANG_WARN_EMPTY_BODY = YES;
				CLANG_WARN_ENUM_CONVERSION = YES;
				CLANG_WARN_INFINITE_RECURSION = YES;
				CLANG_WARN_INT_CONVERSION = YES;
				CLANG_WARN_NON_LITERAL_NULL_CONVERSION = YES;
				CLANG_WARN_OBJC_IMPLICIT_RETAIN_SELF = YES;
				CLANG_WARN_OBJC_LITERAL_CONVERSION = YES;
				CLANG_WARN_OBJC_ROOT_CLASS = YES_ERROR;
				CLANG_WARN_QUOTED_INCLUDE_IN_FRAMEWORK_HEADER = YES;
				CLANG_WARN_RANGE_LOOP_ANALYSIS = YES;
				CLANG_WARN_STRICT_PROTOTYPES = YES;
				CLANG_WARN_SUSPICIOUS_MOVE = YES;
				CLANG_WARN_UNGUARDED_AVAILABILITY = YES_AGGRESSIVE;
				CLANG_WARN_UNREACHABLE_CODE = YES;
				CLANG_WARN__DUPLICATE_METHOD_MATCH = YES;
				COPY_PHASE_STRIP = NO;
				DEBUG_INFORMATION_FORMAT = "dwarf-with-dsym";
				ENABLE_NS_ASSERTIONS = NO;
				ENABLE_STRICT_OBJC_MSGSEND = YES;
				ENABLE_USER_SCRIPT_SANDBOXING = YES;
				GCC_C_LANGUAGE_STANDARD = gnu17;
				GCC_NO_COMMON_BLOCKS = YES;
				GCC_WARN_64_TO_32_BIT_CONVERSION = YES;
				GCC_WARN_ABOUT_RETURN_TYPE = YES_ERROR;
				GCC_WARN_UNDECLARED_SELECTOR = YES;
				GCC_WARN_UNINITIALIZED_AUTOS = YES_AGGRESSIVE;
				GCC_WARN_UNUSED_FUNCTION = YES;
				GCC_WARN_UNUSED_VARIABLE = YES;
				IPHONEOS_DEPLOYMENT_TARGET = 17.2;
				LOCALIZATION_PREFERS_STRING_CATALOGS = YES;
				MTL_ENABLE_DEBUG_INFO = NO;
				MTL_FAST_MATH = YES;
				SDKROOT = iphoneos;
				SWIFT_COMPILATION_MODE = wholemodule;
				VALIDATE_PRODUCT = YES;
			};
			name = Release;
		};
		D1835E642CC09E7A0024B550 /* Debug */ = {
			isa = XCBuildConfiguration;
			buildSettings = {
				ASSETCATALOG_COMPILER_APPICON_NAME = AppIcon;
				ASSETCATALOG_COMPILER_GLOBAL_ACCENT_COLOR_NAME = AccentColor;
				CODE_SIGN_STYLE = Automatic;
				CURRENT_PROJECT_VERSION = 1;
				DEVELOPMENT_ASSET_PATHS = "\"PianoCoverBook/Preview Content\"";
				DEVELOPMENT_TEAM = 6J48TJY98C;
				ENABLE_PREVIEWS = YES;
				GENERATE_INFOPLIST_FILE = YES;
				INFOPLIST_KEY_UIApplicationSceneManifest_Generation = YES;
				INFOPLIST_KEY_UIApplicationSupportsIndirectInputEvents = YES;
				INFOPLIST_KEY_UILaunchScreen_Generation = YES;
				INFOPLIST_KEY_UISupportedInterfaceOrientations_iPad = "UIInterfaceOrientationPortrait UIInterfaceOrientationPortraitUpsideDown UIInterfaceOrientationLandscapeLeft UIInterfaceOrientationLandscapeRight";
				INFOPLIST_KEY_UISupportedInterfaceOrientations_iPhone = "UIInterfaceOrientationPortrait UIInterfaceOrientationLandscapeLeft UIInterfaceOrientationLandscapeRight";
				LD_RUNPATH_SEARCH_PATHS = (
					"$(inherited)",
					"@executable_path/Frameworks",
				);
				MARKETING_VERSION = 1.0;
				PRODUCT_BUNDLE_IDENTIFIER = com.yukinaka.PianoCoverBook;
				PRODUCT_NAME = "$(TARGET_NAME)";
				SWIFT_EMIT_LOC_STRINGS = YES;
				SWIFT_VERSION = 5.0;
				TARGETED_DEVICE_FAMILY = "1,2";
			};
			name = Debug;
		};
		D1835E652CC09E7A0024B550 /* Release */ = {
			isa = XCBuildConfiguration;
			buildSettings = {
				ASSETCATALOG_COMPILER_APPICON_NAME = AppIcon;
				ASSETCATALOG_COMPILER_GLOBAL_ACCENT_COLOR_NAME = AccentColor;
				CODE_SIGN_STYLE = Automatic;
				CURRENT_PROJECT_VERSION = 1;
				DEVELOPMENT_ASSET_PATHS = "\"PianoCoverBook/Preview Content\"";
				DEVELOPMENT_TEAM = 6J48TJY98C;
				ENABLE_PREVIEWS = YES;
				GENERATE_INFOPLIST_FILE = YES;
				INFOPLIST_KEY_UIApplicationSceneManifest_Generation = YES;
				INFOPLIST_KEY_UIApplicationSupportsIndirectInputEvents = YES;
				INFOPLIST_KEY_UILaunchScreen_Generation = YES;
				INFOPLIST_KEY_UISupportedInterfaceOrientations_iPad = "UIInterfaceOrientationPortrait UIInterfaceOrientationPortraitUpsideDown UIInterfaceOrientationLandscapeLeft UIInterfaceOrientationLandscapeRight";
				INFOPLIST_KEY_UISupportedInterfaceOrientations_iPhone = "UIInterfaceOrientationPortrait UIInterfaceOrientationLandscapeLeft UIInterfaceOrientationLandscapeRight";
				LD_RUNPATH_SEARCH_PATHS = (
					"$(inherited)",
					"@executable_path/Frameworks",
				);
				MARKETING_VERSION = 1.0;
				PRODUCT_BUNDLE_IDENTIFIER = com.yukinaka.PianoCoverBook;
				PRODUCT_NAME = "$(TARGET_NAME)";
				SWIFT_EMIT_LOC_STRINGS = YES;
				SWIFT_VERSION = 5.0;
				TARGETED_DEVICE_FAMILY = "1,2";
			};
			name = Release;
		};
/* End XCBuildConfiguration section */

/* Begin XCConfigurationList section */
		D1835E502CC09E790024B550 /* Build configuration list for PBXProject "PianoCoverBook" */ = {
			isa = XCConfigurationList;
			buildConfigurations = (
				D1835E612CC09E7A0024B550 /* Debug */,
				D1835E622CC09E7A0024B550 /* Release */,
			);
			defaultConfigurationIsVisible = 0;
			defaultConfigurationName = Release;
		};
		D1835E632CC09E7A0024B550 /* Build configuration list for PBXNativeTarget "PianoCoverBook" */ = {
			isa = XCConfigurationList;
			buildConfigurations = (
				D1835E642CC09E7A0024B550 /* Debug */,
				D1835E652CC09E7A0024B550 /* Release */,
			);
			defaultConfigurationIsVisible = 0;
			defaultConfigurationName = Release;
		};
/* End XCConfigurationList section */
	};
	rootObject = D1835E4D2CC09E790024B550 /* Project object */;
}
